{
  "name": "ckeditor-beneran",
  "version": "0.1.0",
  "lockfileVersion": 1,
  "requires": true,
  "dependencies": {
    "react-ckeditor": {
      "version": "0.0.1",
      "resolved": "https://registry.npmjs.org/react-ckeditor/-/react-ckeditor-0.0.1.tgz",
      "integrity": "sha1-3lpTJRxh/qmunX0vRgZYp219i8k="
    }
  }
}
